
Microsoft Visual Studio Solution File, Format Version 12.00
# Visual Studio Version 17
VisualStudioVersion = 17.11.35327.3
MinimumVisualStudioVersion = 10.0.40219.1
Project("{FAE04EC0-301F-11D3-BF4B-00C04F79EFBC}") = "Assignment2_2", "Assignment2_2.csproj", "{4A1E4709-C730-47A5-83B0-528F6210EB35}"
EndProject
Global
	GlobalSection(SolutionConfigurationPlatforms) = preSolution
		Debug|Any CPU = Debug|Any CPU
		Release|Any CPU = Release|Any CPU
	EndGlobalSection
	GlobalSection(ProjectConfigurationPlatforms) = postSolution
		{4A1E4709-C730-47A5-83B0-528F6210EB35}.Debug|Any CPU.ActiveCfg = Debug|Any CPU
		{4A1E4709-C730-47A5-83B0-528F6210EB35}.Debug|Any CPU.Build.0 = Debug|Any CPU
		{4A1E4709-C730-47A5-83B0-528F6210EB35}.Release|Any CPU.ActiveCfg = Release|Any CPU
		{4A1E4709-C730-47A5-83B0-528F6210EB35}.Release|Any CPU.Build.0 = Release|Any CPU
	EndGlobalSection
	GlobalSection(SolutionProperties) = preSolution
		HideSolutionNode = FALSE
	EndGlobalSection
	GlobalSection(ExtensibilityGlobals) = postSolution
		SolutionGuid = {0DD223D9-C268-45B0-96C2-F5AD91D7B47F}
	EndGlobalSection
EndGlobal
